
Microsoft Visual Studio Solution File, Format Version 12.00
# Visual Studio 15
VisualStudioVersion = 15.0.27130.2010
MinimumVisualStudioVersion = 10.0.40219.1
Project("{FAE04EC0-301F-11D3-BF4B-00C04F79EFBC}") = "Parcing", "Parcing\Parcing.csproj", "{82B27B1E-0A7B-45DB-B19E-ED209954932A}"
EndProject
Global
	GlobalSection(SolutionConfigurationPlatforms) = preSolution
		Debug|Any CPU = Debug|Any CPU
		Release|Any CPU = Release|Any CPU
	EndGlobalSection
	GlobalSection(ProjectConfigurationPlatforms) = postSolution
		{82B27B1E-0A7B-45DB-B19E-ED209954932A}.Debug|Any CPU.ActiveCfg = Debug|Any CPU
		{82B27B1E-0A7B-45DB-B19E-ED209954932A}.Debug|Any CPU.Build.0 = Debug|Any CPU
		{82B27B1E-0A7B-45DB-B19E-ED209954932A}.Release|Any CPU.ActiveCfg = Release|Any CPU
		{82B27B1E-0A7B-45DB-B19E-ED209954932A}.Release|Any CPU.Build.0 = Release|Any CPU
	EndGlobalSection
	GlobalSection(SolutionProperties) = preSolution
		HideSolutionNode = FALSE
	EndGlobalSection
	GlobalSection(ExtensibilityGlobals) = postSolution
		SolutionGuid = {672E07F4-B893-4876-9AC1-63A115799576}
	EndGlobalSection
EndGlobal
